
Microsoft Visual Studio Solution File, Format Version 12.00
# Visual Studio Version 17
VisualStudioVersion = 17.3.32929.385
MinimumVisualStudioVersion = 10.0.40219.1
Project("{FAE04EC0-301F-11D3-BF4B-00C04F79EFBC}") = "Exercice_2", "Exercice_2\Exercice_2.csproj", "{025DBCC3-BC5F-46EB-AE0B-534DF58C70F3}"
EndProject
Global
	GlobalSection(SolutionConfigurationPlatforms) = preSolution
		Debug|Any CPU = Debug|Any CPU
		Release|Any CPU = Release|Any CPU
	EndGlobalSection
	GlobalSection(ProjectConfigurationPlatforms) = postSolution
		{025DBCC3-BC5F-46EB-AE0B-534DF58C70F3}.Debug|Any CPU.ActiveCfg = Debug|Any CPU
		{025DBCC3-BC5F-46EB-AE0B-534DF58C70F3}.Debug|Any CPU.Build.0 = Debug|Any CPU
		{025DBCC3-BC5F-46EB-AE0B-534DF58C70F3}.Release|Any CPU.ActiveCfg = Release|Any CPU
		{025DBCC3-BC5F-46EB-AE0B-534DF58C70F3}.Release|Any CPU.Build.0 = Release|Any CPU
	EndGlobalSection
	GlobalSection(SolutionProperties) = preSolution
		HideSolutionNode = FALSE
	EndGlobalSection
	GlobalSection(ExtensibilityGlobals) = postSolution
		SolutionGuid = {E53C1689-1E18-485A-A169-F4E2A1CAE86A}
	EndGlobalSection
EndGlobal
